
Microsoft Visual Studio Solution File, Format Version 12.00
# Visual Studio 15
VisualStudioVersion = 15.0.28307.757
MinimumVisualStudioVersion = 10.0.40219.1
Project("{FAE04EC0-301F-11D3-BF4B-00C04F79EFBC}") = "GardAppUsingMVP", "GardAppUsingMVP\GardAppUsingMVP.csproj", "{EE8C070C-7192-46FC-95C8-4A121873E0F1}"
EndProject
Global
	GlobalSection(SolutionConfigurationPlatforms) = preSolution
		Debug|Any CPU = Debug|Any CPU
		Release|Any CPU = Release|Any CPU
	EndGlobalSection
	GlobalSection(ProjectConfigurationPlatforms) = postSolution
		{EE8C070C-7192-46FC-95C8-4A121873E0F1}.Debug|Any CPU.ActiveCfg = Debug|Any CPU
		{EE8C070C-7192-46FC-95C8-4A121873E0F1}.Debug|Any CPU.Build.0 = Debug|Any CPU
		{EE8C070C-7192-46FC-95C8-4A121873E0F1}.Release|Any CPU.ActiveCfg = Release|Any CPU
		{EE8C070C-7192-46FC-95C8-4A121873E0F1}.Release|Any CPU.Build.0 = Release|Any CPU
	EndGlobalSection
	GlobalSection(SolutionProperties) = preSolution
		HideSolutionNode = FALSE
	EndGlobalSection
	GlobalSection(ExtensibilityGlobals) = postSolution
		SolutionGuid = {3C9F4E76-0FF8-4188-A266-2FF97DABD016}
	EndGlobalSection
EndGlobal
